
Microsoft Visual Studio Solution File, Format Version 12.00
# Visual Studio Version 16
VisualStudioVersion = 16.0.28729.10
MinimumVisualStudioVersion = 10.0.40219.1
Project("{8BC9CEB8-8B4A-11D0-8D11-00A0C91BC942}") = "cpp-demo", "cpp-demo\cpp-demo.vcxproj", "{80388E2A-C2A7-4326-B178-307AC8C53012}"
EndProject
Project("{8BC9CEB8-8B4A-11D0-8D11-00A0C91BC942}") = "ex1", "chapter1\ex1\ex1.vcxproj", "{DDB0CF90-94FB-4D1C-A660-48617C755F3D}"
EndProject
Project("{8BC9CEB8-8B4A-11D0-8D11-00A0C91BC942}") = "ex2", "chapter1\ex2\ex2.vcxproj", "{9E554B86-7154-45C4-8805-03770996B764}"
EndProject
Project("{8BC9CEB8-8B4A-11D0-8D11-00A0C91BC942}") = "ex3", "chapter1\ex3\ex3.vcxproj", "{803E39C6-9D1B-4F32-AAED-699884D360C4}"
EndProject
Project("{8BC9CEB8-8B4A-11D0-8D11-00A0C91BC942}") = "ex4", "chapter1\ex4\ex4.vcxproj", "{EE83365F-31B2-4730-B627-6C5F99CA09AE}"
EndProject
Project("{8BC9CEB8-8B4A-11D0-8D11-00A0C91BC942}") = "ex5", "chapter1\ex5\ex5.vcxproj", "{83026E89-CDAC-4F68-A4EE-3E120AE244C1}"
EndProject
Project("{8BC9CEB8-8B4A-11D0-8D11-00A0C91BC942}") = "ex6", "chapter1\ex6\ex6.vcxproj", "{10759EA1-DC18-478A-BE3D-6BF55AAA6091}"
EndProject
Project("{8BC9CEB8-8B4A-11D0-8D11-00A0C91BC942}") = "ex7", "chapter1\ex7\ex7.vcxproj", "{A26D99F3-7D7F-4755-989A-AD08CF04AFBB}"
EndProject
Project("{8BC9CEB8-8B4A-11D0-8D11-00A0C91BC942}") = "ch2ex1", "chapter2\ch2ex1\ch2ex1.vcxproj", "{6561A5DD-7A37-495D-95AB-DE8FE8739301}"
EndProject
Project("{8BC9CEB8-8B4A-11D0-8D11-00A0C91BC942}") = "ch2ex2", "chapter2\ch2ex2\ch2ex2.vcxproj", "{B80E0AD7-5830-4931-9EA8-7540F4970181}"
EndProject
Project("{8BC9CEB8-8B4A-11D0-8D11-00A0C91BC942}") = "ch2ex3", "chapter2\ch2ex3\ch2ex3.vcxproj", "{60F90905-FA90-4DE1-855B-8695BC12E937}"
EndProject
Project("{8BC9CEB8-8B4A-11D0-8D11-00A0C91BC942}") = "ch2ex4", "chapter2\ch2ex4\ch2ex4.vcxproj", "{A41B1CEC-8839-44BE-AF3A-27AB5B110EE2}"
EndProject
Project("{8BC9CEB8-8B4A-11D0-8D11-00A0C91BC942}") = "ch2ex5", "chapter2\ch2ex5\ch2ex5.vcxproj", "{DB61ADD9-098A-44DE-A26C-9BEC45B3FE2E}"
EndProject
Project("{8BC9CEB8-8B4A-11D0-8D11-00A0C91BC942}") = "ch2ex6", "chapter2\ch2ex6\ch2ex6.vcxproj", "{CEDCEC3C-F66F-4984-B294-26225EC06FF2}"
EndProject
Project("{8BC9CEB8-8B4A-11D0-8D11-00A0C91BC942}") = "ch2ex7", "chapter2\ch2ex7\ch2ex7.vcxproj", "{8F4A11EF-5833-4877-A36F-25421DB0DE81}"
EndProject
Project("{8BC9CEB8-8B4A-11D0-8D11-00A0C91BC942}") = "ch2ex8", "chapter2\ch2ex8\ch2ex8.vcxproj", "{432649B8-B70F-4198-B4DA-229B405D1598}"
EndProject
Project("{8BC9CEB8-8B4A-11D0-8D11-00A0C91BC942}") = "ch2ex9", "chapter2\ch2ex9\ch2ex9.vcxproj", "{029B2297-11B0-42FB-9972-FA5222AB0EF0}"
EndProject
Project("{8BC9CEB8-8B4A-11D0-8D11-00A0C91BC942}") = "ch2ex10", "chapter2\ch2ex10\ch2ex10.vcxproj", "{5C13FEC8-100E-4BCB-877B-290B3B01726D}"
EndProject
Project("{8BC9CEB8-8B4A-11D0-8D11-00A0C91BC942}") = "ch2ex11", "chapter2\ch2ex11\ch2ex11.vcxproj", "{B1BE67E1-E0EF-4E8E-9FAC-817CC6A4ABC2}"
EndProject
Project("{8BC9CEB8-8B4A-11D0-8D11-00A0C91BC942}") = "ch2ex12", "chapter2\ch2ex12\ch2ex12.vcxproj", "{2725F95A-8257-4697-A6BE-2A7E48A7E885}"
EndProject
Project("{8BC9CEB8-8B4A-11D0-8D11-00A0C91BC942}") = "ch2ex13", "chapter2\ch2ex13\ch2ex13.vcxproj", "{784B9E3C-78FE-4284-BFAF-4688320C8479}"
EndProject
Project("{8BC9CEB8-8B4A-11D0-8D11-00A0C91BC942}") = "ch2ex14", "chapter2\ch2ex14\ch2ex14.vcxproj", "{9B5B1567-E5B8-4922-A9B3-BB233E18BBD6}"
EndProject
Project("{8BC9CEB8-8B4A-11D0-8D11-00A0C91BC942}") = "ch3ex1", "chapter3\ch3ex1\ch3ex1.vcxproj", "{4ECC6588-A738-4189-825D-96E0119CC911}"
EndProject
Project("{8BC9CEB8-8B4A-11D0-8D11-00A0C91BC942}") = "ch3ex2", "chapter3\ch3ex2\ch3ex2.vcxproj", "{94BF44B4-468A-41EE-98A7-41B9DB8A829F}"
EndProject
Project("{8BC9CEB8-8B4A-11D0-8D11-00A0C91BC942}") = "ch3ex3", "chapter3\ch3ex3\ch3ex3.vcxproj", "{0E86CA08-079D-4449-8139-447FD0B876AD}"
EndProject
Project("{8BC9CEB8-8B4A-11D0-8D11-00A0C91BC942}") = "ch3ex4", "chapter3\ch3ex4\ch3ex4.vcxproj", "{2D57CC6E-A7A3-49BF-9BB2-89646FF91870}"
EndProject
Project("{8BC9CEB8-8B4A-11D0-8D11-00A0C91BC942}") = "ch3ex5", "chapter3\ch3ex5\ch3ex5.vcxproj", "{9ED7C3C7-42BB-4D6D-8419-B5EE56C65EE2}"
EndProject
Project("{8BC9CEB8-8B4A-11D0-8D11-00A0C91BC942}") = "ch3ex6", "chapter3\ch3ex6\ch3ex6.vcxproj", "{9E33E511-68F5-42FF-838C-733069079933}"
EndProject
Project("{8BC9CEB8-8B4A-11D0-8D11-00A0C91BC942}") = "codingame-chucknorris", "extra\codingame-chucknorris\codingame-chucknorris.vcxproj", "{BA0FD267-2C1E-429D-80FF-BEF63C77ACDD}"
EndProject
Project("{8BC9CEB8-8B4A-11D0-8D11-00A0C91BC942}") = "ch4ex1", "chapter4\ch4ex1\ch4ex1.vcxproj", "{240E86A2-F6F5-4E80-BEEA-B9DD7C791009}"
EndProject
Project("{8BC9CEB8-8B4A-11D0-8D11-00A0C91BC942}") = "ch4ex2", "chapter4\ch4ex2\ch4ex2.vcxproj", "{31A4CD75-9C6B-4B11-8331-A9305E53EFBE}"
EndProject
Project("{8BC9CEB8-8B4A-11D0-8D11-00A0C91BC942}") = "ch4ex3", "chapter4\ch4ex3\ch4ex3.vcxproj", "{CF6B940F-B85B-4459-9F04-3BEF945498A2}"
EndProject
Project("{8BC9CEB8-8B4A-11D0-8D11-00A0C91BC942}") = "ch4ex4", "chapter4\ch4ex4\ch4ex4.vcxproj", "{D5EB57C9-E194-4AB0-88F1-BF17A5ABD5D5}"
EndProject
Project("{8BC9CEB8-8B4A-11D0-8D11-00A0C91BC942}") = "const-sample", "extra\const-sample\const-sample.vcxproj", "{8CBA89ED-BC80-49B0-9CE8-699E9EFE4848}"
EndProject
Project("{8BC9CEB8-8B4A-11D0-8D11-00A0C91BC942}") = "const-args-func", "extra\const-args-func\const-args-func.vcxproj", "{1E587271-255E-4020-A04C-0B170D86D205}"
EndProject
Project("{8BC9CEB8-8B4A-11D0-8D11-00A0C91BC942}") = "conversion-sample", "extra\conversion-sample\conversion-sample.vcxproj", "{0BBAD516-4153-491F-A755-0F2D574654D8}"
EndProject
Project("{8BC9CEB8-8B4A-11D0-8D11-00A0C91BC942}") = "data-types", "extra\data-types\data-types.vcxproj", "{934185A8-1048-4598-86E4-2DC027BB821A}"
EndProject
Project("{8BC9CEB8-8B4A-11D0-8D11-00A0C91BC942}") = "references", "extra\references\references.vcxproj", "{E53E4D40-5644-409C-98D1-E402AD4DD7A9}"
EndProject
Project("{8BC9CEB8-8B4A-11D0-8D11-00A0C91BC942}") = "ch5ex1", "chapter5\ch5ex1\ch5ex1.vcxproj", "{80A83C9A-B728-485D-8A35-F9DCFBCAC150}"
EndProject
Project("{8BC9CEB8-8B4A-11D0-8D11-00A0C91BC942}") = "ch5ex2", "chapter5\ch5ex2\ch5ex2.vcxproj", "{F71BE873-445D-44AC-88B9-93E64BEF3A79}"
EndProject
Project("{8BC9CEB8-8B4A-11D0-8D11-00A0C91BC942}") = "ch5ex3", "chapter5\ch5ex3\ch5ex3.vcxproj", "{1D4CA344-EA6B-45EE-ABB9-2B1FA95248C7}"
EndProject
Project("{8BC9CEB8-8B4A-11D0-8D11-00A0C91BC942}") = "ch5ex4", "chapter5\ch5ex4\ch5ex4.vcxproj", "{59C198FE-8FD1-40B9-A5F1-9A662F8B116F}"
EndProject
Project("{8BC9CEB8-8B4A-11D0-8D11-00A0C91BC942}") = "test", "extra\test\test.vcxproj", "{354292C9-4CA0-4917-936F-0E0360ED2021}"
EndProject
Project("{8BC9CEB8-8B4A-11D0-8D11-00A0C91BC942}") = "dangling-pointer", "extra\dangling-pointer\dangling-pointer.vcxproj", "{3D914DD0-B0CC-4B3D-8A11-5AD2942417BC}"
EndProject
Project("{8BC9CEB8-8B4A-11D0-8D11-00A0C91BC942}") = "bits", "extra\bits\bits.vcxproj", "{E8923CBC-1471-4AC9-9120-54829D9564CE}"
EndProject
Global
	GlobalSection(SolutionConfigurationPlatforms) = preSolution
		Debug|x64 = Debug|x64
		Debug|x86 = Debug|x86
		Release|x64 = Release|x64
		Release|x86 = Release|x86
	EndGlobalSection
	GlobalSection(ProjectConfigurationPlatforms) = postSolution
		{80388E2A-C2A7-4326-B178-307AC8C53012}.Debug|x64.ActiveCfg = Debug|x64
		{80388E2A-C2A7-4326-B178-307AC8C53012}.Debug|x64.Build.0 = Debug|x64
		{80388E2A-C2A7-4326-B178-307AC8C53012}.Debug|x86.ActiveCfg = Debug|Win32
		{80388E2A-C2A7-4326-B178-307AC8C53012}.Debug|x86.Build.0 = Debug|Win32
		{80388E2A-C2A7-4326-B178-307AC8C53012}.Release|x64.ActiveCfg = Release|x64
		{80388E2A-C2A7-4326-B178-307AC8C53012}.Release|x64.Build.0 = Release|x64
		{80388E2A-C2A7-4326-B178-307AC8C53012}.Release|x86.ActiveCfg = Release|Win32
		{80388E2A-C2A7-4326-B178-307AC8C53012}.Release|x86.Build.0 = Release|Win32
		{DDB0CF90-94FB-4D1C-A660-48617C755F3D}.Debug|x64.ActiveCfg = Debug|x64
		{DDB0CF90-94FB-4D1C-A660-48617C755F3D}.Debug|x64.Build.0 = Debug|x64
		{DDB0CF90-94FB-4D1C-A660-48617C755F3D}.Debug|x86.ActiveCfg = Debug|Win32
		{DDB0CF90-94FB-4D1C-A660-48617C755F3D}.Debug|x86.Build.0 = Debug|Win32
		{DDB0CF90-94FB-4D1C-A660-48617C755F3D}.Release|x64.ActiveCfg = Release|x64
		{DDB0CF90-94FB-4D1C-A660-48617C755F3D}.Release|x64.Build.0 = Release|x64
		{DDB0CF90-94FB-4D1C-A660-48617C755F3D}.Release|x86.ActiveCfg = Release|Win32
		{DDB0CF90-94FB-4D1C-A660-48617C755F3D}.Release|x86.Build.0 = Release|Win32
		{9E554B86-7154-45C4-8805-03770996B764}.Debug|x64.ActiveCfg = Debug|x64
		{9E554B86-7154-45C4-8805-03770996B764}.Debug|x64.Build.0 = Debug|x64
		{9E554B86-7154-45C4-8805-03770996B764}.Debug|x86.ActiveCfg = Debug|Win32
		{9E554B86-7154-45C4-8805-03770996B764}.Debug|x86.Build.0 = Debug|Win32
		{9E554B86-7154-45C4-8805-03770996B764}.Release|x64.ActiveCfg = Release|x64
		{9E554B86-7154-45C4-8805-03770996B764}.Release|x64.Build.0 = Release|x64
		{9E554B86-7154-45C4-8805-03770996B764}.Release|x86.ActiveCfg = Release|Win32
		{9E554B86-7154-45C4-8805-03770996B764}.Release|x86.Build.0 = Release|Win32
		{803E39C6-9D1B-4F32-AAED-699884D360C4}.Debug|x64.ActiveCfg = Debug|x64
		{803E39C6-9D1B-4F32-AAED-699884D360C4}.Debug|x64.Build.0 = Debug|x64
		{803E39C6-9D1B-4F32-AAED-699884D360C4}.Debug|x86.ActiveCfg = Debug|Win32
		{803E39C6-9D1B-4F32-AAED-699884D360C4}.Debug|x86.Build.0 = Debug|Win32
		{803E39C6-9D1B-4F32-AAED-699884D360C4}.Release|x64.ActiveCfg = Release|x64
		{803E39C6-9D1B-4F32-AAED-699884D360C4}.Release|x64.Build.0 = Release|x64
		{803E39C6-9D1B-4F32-AAED-699884D360C4}.Release|x86.ActiveCfg = Release|Win32
		{803E39C6-9D1B-4F32-AAED-699884D360C4}.Release|x86.Build.0 = Release|Win32
		{EE83365F-31B2-4730-B627-6C5F99CA09AE}.Debug|x64.ActiveCfg = Debug|x64
		{EE83365F-31B2-4730-B627-6C5F99CA09AE}.Debug|x64.Build.0 = Debug|x64
		{EE83365F-31B2-4730-B627-6C5F99CA09AE}.Debug|x86.ActiveCfg = Debug|Win32
		{EE83365F-31B2-4730-B627-6C5F99CA09AE}.Debug|x86.Build.0 = Debug|Win32
		{EE83365F-31B2-4730-B627-6C5F99CA09AE}.Release|x64.ActiveCfg = Release|x64
		{EE83365F-31B2-4730-B627-6C5F99CA09AE}.Release|x64.Build.0 = Release|x64
		{EE83365F-31B2-4730-B627-6C5F99CA09AE}.Release|x86.ActiveCfg = Release|Win32
		{EE83365F-31B2-4730-B627-6C5F99CA09AE}.Release|x86.Build.0 = Release|Win32
		{83026E89-CDAC-4F68-A4EE-3E120AE244C1}.Debug|x64.ActiveCfg = Debug|x64
		{83026E89-CDAC-4F68-A4EE-3E120AE244C1}.Debug|x64.Build.0 = Debug|x64
		{83026E89-CDAC-4F68-A4EE-3E120AE244C1}.Debug|x86.ActiveCfg = Debug|Win32
		{83026E89-CDAC-4F68-A4EE-3E120AE244C1}.Debug|x86.Build.0 = Debug|Win32
		{83026E89-CDAC-4F68-A4EE-3E120AE244C1}.Release|x64.ActiveCfg = Release|x64
		{83026E89-CDAC-4F68-A4EE-3E120AE244C1}.Release|x64.Build.0 = Release|x64
		{83026E89-CDAC-4F68-A4EE-3E120AE244C1}.Release|x86.ActiveCfg = Release|Win32
		{83026E89-CDAC-4F68-A4EE-3E120AE244C1}.Release|x86.Build.0 = Release|Win32
		{10759EA1-DC18-478A-BE3D-6BF55AAA6091}.Debug|x64.ActiveCfg = Debug|x64
		{10759EA1-DC18-478A-BE3D-6BF55AAA6091}.Debug|x64.Build.0 = Debug|x64
		{10759EA1-DC18-478A-BE3D-6BF55AAA6091}.Debug|x86.ActiveCfg = Debug|Win32
		{10759EA1-DC18-478A-BE3D-6BF55AAA6091}.Debug|x86.Build.0 = Debug|Win32
		{10759EA1-DC18-478A-BE3D-6BF55AAA6091}.Release|x64.ActiveCfg = Release|x64
		{10759EA1-DC18-478A-BE3D-6BF55AAA6091}.Release|x64.Build.0 = Release|x64
		{10759EA1-DC18-478A-BE3D-6BF55AAA6091}.Release|x86.ActiveCfg = Release|Win32
		{10759EA1-DC18-478A-BE3D-6BF55AAA6091}.Release|x86.Build.0 = Release|Win32
		{A26D99F3-7D7F-4755-989A-AD08CF04AFBB}.Debug|x64.ActiveCfg = Debug|x64
		{A26D99F3-7D7F-4755-989A-AD08CF04AFBB}.Debug|x64.Build.0 = Debug|x64
		{A26D99F3-7D7F-4755-989A-AD08CF04AFBB}.Debug|x86.ActiveCfg = Debug|Win32
		{A26D99F3-7D7F-4755-989A-AD08CF04AFBB}.Debug|x86.Build.0 = Debug|Win32
		{A26D99F3-7D7F-4755-989A-AD08CF04AFBB}.Release|x64.ActiveCfg = Release|x64
		{A26D99F3-7D7F-4755-989A-AD08CF04AFBB}.Release|x64.Build.0 = Release|x64
		{A26D99F3-7D7F-4755-989A-AD08CF04AFBB}.Release|x86.ActiveCfg = Release|Win32
		{A26D99F3-7D7F-4755-989A-AD08CF04AFBB}.Release|x86.Build.0 = Release|Win32
		{6561A5DD-7A37-495D-95AB-DE8FE8739301}.Debug|x64.ActiveCfg = Debug|x64
		{6561A5DD-7A37-495D-95AB-DE8FE8739301}.Debug|x64.Build.0 = Debug|x64
		{6561A5DD-7A37-495D-95AB-DE8FE8739301}.Debug|x86.ActiveCfg = Debug|Win32
		{6561A5DD-7A37-495D-95AB-DE8FE8739301}.Debug|x86.Build.0 = Debug|Win32
		{6561A5DD-7A37-495D-95AB-DE8FE8739301}.Release|x64.ActiveCfg = Release|x64
		{6561A5DD-7A37-495D-95AB-DE8FE8739301}.Release|x64.Build.0 = Release|x64
		{6561A5DD-7A37-495D-95AB-DE8FE8739301}.Release|x86.ActiveCfg = Release|Win32
		{6561A5DD-7A37-495D-95AB-DE8FE8739301}.Release|x86.Build.0 = Release|Win32
		{B80E0AD7-5830-4931-9EA8-7540F4970181}.Debug|x64.ActiveCfg = Debug|x64
		{B80E0AD7-5830-4931-9EA8-7540F4970181}.Debug|x64.Build.0 = Debug|x64
		{B80E0AD7-5830-4931-9EA8-7540F4970181}.Debug|x86.ActiveCfg = Debug|Win32
		{B80E0AD7-5830-4931-9EA8-7540F4970181}.Debug|x86.Build.0 = Debug|Win32
		{B80E0AD7-5830-4931-9EA8-7540F4970181}.Release|x64.ActiveCfg = Release|x64
		{B80E0AD7-5830-4931-9EA8-7540F4970181}.Release|x64.Build.0 = Release|x64
		{B80E0AD7-5830-4931-9EA8-7540F4970181}.Release|x86.ActiveCfg = Release|Win32
		{B80E0AD7-5830-4931-9EA8-7540F4970181}.Release|x86.Build.0 = Release|Win32
		{60F90905-FA90-4DE1-855B-8695BC12E937}.Debug|x64.ActiveCfg = Debug|x64
		{60F90905-FA90-4DE1-855B-8695BC12E937}.Debug|x64.Build.0 = Debug|x64
		{60F90905-FA90-4DE1-855B-8695BC12E937}.Debug|x86.ActiveCfg = Debug|Win32
		{60F90905-FA90-4DE1-855B-8695BC12E937}.Debug|x86.Build.0 = Debug|Win32
		{60F90905-FA90-4DE1-855B-8695BC12E937}.Release|x64.ActiveCfg = Release|x64
		{60F90905-FA90-4DE1-855B-8695BC12E937}.Release|x64.Build.0 = Release|x64
		{60F90905-FA90-4DE1-855B-8695BC12E937}.Release|x86.ActiveCfg = Release|Win32
		{60F90905-FA90-4DE1-855B-8695BC12E937}.Release|x86.Build.0 = Release|Win32
		{A41B1CEC-8839-44BE-AF3A-27AB5B110EE2}.Debug|x64.ActiveCfg = Debug|x64
		{A41B1CEC-8839-44BE-AF3A-27AB5B110EE2}.Debug|x64.Build.0 = Debug|x64
		{A41B1CEC-8839-44BE-AF3A-27AB5B110EE2}.Debug|x86.ActiveCfg = Debug|Win32
		{A41B1CEC-8839-44BE-AF3A-27AB5B110EE2}.Debug|x86.Build.0 = Debug|Win32
		{A41B1CEC-8839-44BE-AF3A-27AB5B110EE2}.Release|x64.ActiveCfg = Release|x64
		{A41B1CEC-8839-44BE-AF3A-27AB5B110EE2}.Release|x64.Build.0 = Release|x64
		{A41B1CEC-8839-44BE-AF3A-27AB5B110EE2}.Release|x86.ActiveCfg = Release|Win32
		{A41B1CEC-8839-44BE-AF3A-27AB5B110EE2}.Release|x86.Build.0 = Release|Win32
		{DB61ADD9-098A-44DE-A26C-9BEC45B3FE2E}.Debug|x64.ActiveCfg = Debug|x64
		{DB61ADD9-098A-44DE-A26C-9BEC45B3FE2E}.Debug|x64.Build.0 = Debug|x64
		{DB61ADD9-098A-44DE-A26C-9BEC45B3FE2E}.Debug|x86.ActiveCfg = Debug|Win32
		{DB61ADD9-098A-44DE-A26C-9BEC45B3FE2E}.Debug|x86.Build.0 = Debug|Win32
		{DB61ADD9-098A-44DE-A26C-9BEC45B3FE2E}.Release|x64.ActiveCfg = Release|x64
		{DB61ADD9-098A-44DE-A26C-9BEC45B3FE2E}.Release|x64.Build.0 = Release|x64
		{DB61ADD9-098A-44DE-A26C-9BEC45B3FE2E}.Release|x86.ActiveCfg = Release|Win32
		{DB61ADD9-098A-44DE-A26C-9BEC45B3FE2E}.Release|x86.Build.0 = Release|Win32
		{CEDCEC3C-F66F-4984-B294-26225EC06FF2}.Debug|x64.ActiveCfg = Debug|x64
		{CEDCEC3C-F66F-4984-B294-26225EC06FF2}.Debug|x64.Build.0 = Debug|x64
		{CEDCEC3C-F66F-4984-B294-26225EC06FF2}.Debug|x86.ActiveCfg = Debug|Win32
		{CEDCEC3C-F66F-4984-B294-26225EC06FF2}.Debug|x86.Build.0 = Debug|Win32
		{CEDCEC3C-F66F-4984-B294-26225EC06FF2}.Release|x64.ActiveCfg = Release|x64
		{CEDCEC3C-F66F-4984-B294-26225EC06FF2}.Release|x64.Build.0 = Release|x64
		{CEDCEC3C-F66F-4984-B294-26225EC06FF2}.Release|x86.ActiveCfg = Release|Win32
		{CEDCEC3C-F66F-4984-B294-26225EC06FF2}.Release|x86.Build.0 = Release|Win32
		{8F4A11EF-5833-4877-A36F-25421DB0DE81}.Debug|x64.ActiveCfg = Debug|x64
		{8F4A11EF-5833-4877-A36F-25421DB0DE81}.Debug|x64.Build.0 = Debug|x64
		{8F4A11EF-5833-4877-A36F-25421DB0DE81}.Debug|x86.ActiveCfg = Debug|Win32
		{8F4A11EF-5833-4877-A36F-25421DB0DE81}.Debug|x86.Build.0 = Debug|Win32
		{8F4A11EF-5833-4877-A36F-25421DB0DE81}.Release|x64.ActiveCfg = Release|x64
		{8F4A11EF-5833-4877-A36F-25421DB0DE81}.Release|x64.Build.0 = Release|x64
		{8F4A11EF-5833-4877-A36F-25421DB0DE81}.Release|x86.ActiveCfg = Release|Win32
		{8F4A11EF-5833-4877-A36F-25421DB0DE81}.Release|x86.Build.0 = Release|Win32
		{432649B8-B70F-4198-B4DA-229B405D1598}.Debug|x64.ActiveCfg = Debug|x64
		{432649B8-B70F-4198-B4DA-229B405D1598}.Debug|x64.Build.0 = Debug|x64
		{432649B8-B70F-4198-B4DA-229B405D1598}.Debug|x86.ActiveCfg = Debug|Win32
		{432649B8-B70F-4198-B4DA-229B405D1598}.Debug|x86.Build.0 = Debug|Win32
		{432649B8-B70F-4198-B4DA-229B405D1598}.Release|x64.ActiveCfg = Release|x64
		{432649B8-B70F-4198-B4DA-229B405D1598}.Release|x64.Build.0 = Release|x64
		{432649B8-B70F-4198-B4DA-229B405D1598}.Release|x86.ActiveCfg = Release|Win32
		{432649B8-B70F-4198-B4DA-229B405D1598}.Release|x86.Build.0 = Release|Win32
		{029B2297-11B0-42FB-9972-FA5222AB0EF0}.Debug|x64.ActiveCfg = Debug|x64
		{029B2297-11B0-42FB-9972-FA5222AB0EF0}.Debug|x64.Build.0 = Debug|x64
		{029B2297-11B0-42FB-9972-FA5222AB0EF0}.Debug|x86.ActiveCfg = Debug|Win32
		{029B2297-11B0-42FB-9972-FA5222AB0EF0}.Debug|x86.Build.0 = Debug|Win32
		{029B2297-11B0-42FB-9972-FA5222AB0EF0}.Release|x64.ActiveCfg = Release|x64
		{029B2297-11B0-42FB-9972-FA5222AB0EF0}.Release|x64.Build.0 = Release|x64
		{029B2297-11B0-42FB-9972-FA5222AB0EF0}.Release|x86.ActiveCfg = Release|Win32
		{029B2297-11B0-42FB-9972-FA5222AB0EF0}.Release|x86.Build.0 = Release|Win32
		{5C13FEC8-100E-4BCB-877B-290B3B01726D}.Debug|x64.ActiveCfg = Debug|x64
		{5C13FEC8-100E-4BCB-877B-290B3B01726D}.Debug|x64.Build.0 = Debug|x64
		{5C13FEC8-100E-4BCB-877B-290B3B01726D}.Debug|x86.ActiveCfg = Debug|Win32
		{5C13FEC8-100E-4BCB-877B-290B3B01726D}.Debug|x86.Build.0 = Debug|Win32
		{5C13FEC8-100E-4BCB-877B-290B3B01726D}.Release|x64.ActiveCfg = Release|x64
		{5C13FEC8-100E-4BCB-877B-290B3B01726D}.Release|x64.Build.0 = Release|x64
		{5C13FEC8-100E-4BCB-877B-290B3B01726D}.Release|x86.ActiveCfg = Release|Win32
		{5C13FEC8-100E-4BCB-877B-290B3B01726D}.Release|x86.Build.0 = Release|Win32
		{B1BE67E1-E0EF-4E8E-9FAC-817CC6A4ABC2}.Debug|x64.ActiveCfg = Debug|x64
		{B1BE67E1-E0EF-4E8E-9FAC-817CC6A4ABC2}.Debug|x64.Build.0 = Debug|x64
		{B1BE67E1-E0EF-4E8E-9FAC-817CC6A4ABC2}.Debug|x86.ActiveCfg = Debug|Win32
		{B1BE67E1-E0EF-4E8E-9FAC-817CC6A4ABC2}.Debug|x86.Build.0 = Debug|Win32
		{B1BE67E1-E0EF-4E8E-9FAC-817CC6A4ABC2}.Release|x64.ActiveCfg = Release|x64
		{B1BE67E1-E0EF-4E8E-9FAC-817CC6A4ABC2}.Release|x64.Build.0 = Release|x64
		{B1BE67E1-E0EF-4E8E-9FAC-817CC6A4ABC2}.Release|x86.ActiveCfg = Release|Win32
		{B1BE67E1-E0EF-4E8E-9FAC-817CC6A4ABC2}.Release|x86.Build.0 = Release|Win32
		{2725F95A-8257-4697-A6BE-2A7E48A7E885}.Debug|x64.ActiveCfg = Debug|x64
		{2725F95A-8257-4697-A6BE-2A7E48A7E885}.Debug|x64.Build.0 = Debug|x64
		{2725F95A-8257-4697-A6BE-2A7E48A7E885}.Debug|x86.ActiveCfg = Debug|Win32
		{2725F95A-8257-4697-A6BE-2A7E48A7E885}.Debug|x86.Build.0 = Debug|Win32
		{2725F95A-8257-4697-A6BE-2A7E48A7E885}.Release|x64.ActiveCfg = Release|x64
		{2725F95A-8257-4697-A6BE-2A7E48A7E885}.Release|x64.Build.0 = Release|x64
		{2725F95A-8257-4697-A6BE-2A7E48A7E885}.Release|x86.ActiveCfg = Release|Win32
		{2725F95A-8257-4697-A6BE-2A7E48A7E885}.Release|x86.Build.0 = Release|Win32
		{784B9E3C-78FE-4284-BFAF-4688320C8479}.Debug|x64.ActiveCfg = Debug|x64
		{784B9E3C-78FE-4284-BFAF-4688320C8479}.Debug|x64.Build.0 = Debug|x64
		{784B9E3C-78FE-4284-BFAF-4688320C8479}.Debug|x86.ActiveCfg = Debug|Win32
		{784B9E3C-78FE-4284-BFAF-4688320C8479}.Debug|x86.Build.0 = Debug|Win32
		{784B9E3C-78FE-4284-BFAF-4688320C8479}.Release|x64.ActiveCfg = Release|x64
		{784B9E3C-78FE-4284-BFAF-4688320C8479}.Release|x64.Build.0 = Release|x64
		{784B9E3C-78FE-4284-BFAF-4688320C8479}.Release|x86.ActiveCfg = Release|Win32
		{784B9E3C-78FE-4284-BFAF-4688320C8479}.Release|x86.Build.0 = Release|Win32
		{9B5B1567-E5B8-4922-A9B3-BB233E18BBD6}.Debug|x64.ActiveCfg = Debug|x64
		{9B5B1567-E5B8-4922-A9B3-BB233E18BBD6}.Debug|x64.Build.0 = Debug|x64
		{9B5B1567-E5B8-4922-A9B3-BB233E18BBD6}.Debug|x86.ActiveCfg = Debug|Win32
		{9B5B1567-E5B8-4922-A9B3-BB233E18BBD6}.Debug|x86.Build.0 = Debug|Win32
		{9B5B1567-E5B8-4922-A9B3-BB233E18BBD6}.Release|x64.ActiveCfg = Release|x64
		{9B5B1567-E5B8-4922-A9B3-BB233E18BBD6}.Release|x64.Build.0 = Release|x64
		{9B5B1567-E5B8-4922-A9B3-BB233E18BBD6}.Release|x86.ActiveCfg = Release|Win32
		{9B5B1567-E5B8-4922-A9B3-BB233E18BBD6}.Release|x86.Build.0 = Release|Win32
		{4ECC6588-A738-4189-825D-96E0119CC911}.Debug|x64.ActiveCfg = Debug|x64
		{4ECC6588-A738-4189-825D-96E0119CC911}.Debug|x64.Build.0 = Debug|x64
		{4ECC6588-A738-4189-825D-96E0119CC911}.Debug|x86.ActiveCfg = Debug|Win32
		{4ECC6588-A738-4189-825D-96E0119CC911}.Debug|x86.Build.0 = Debug|Win32
		{4ECC6588-A738-4189-825D-96E0119CC911}.Release|x64.ActiveCfg = Release|x64
		{4ECC6588-A738-4189-825D-96E0119CC911}.Release|x64.Build.0 = Release|x64
		{4ECC6588-A738-4189-825D-96E0119CC911}.Release|x86.ActiveCfg = Release|Win32
		{4ECC6588-A738-4189-825D-96E0119CC911}.Release|x86.Build.0 = Release|Win32
		{94BF44B4-468A-41EE-98A7-41B9DB8A829F}.Debug|x64.ActiveCfg = Debug|x64
		{94BF44B4-468A-41EE-98A7-41B9DB8A829F}.Debug|x64.Build.0 = Debug|x64
		{94BF44B4-468A-41EE-98A7-41B9DB8A829F}.Debug|x86.ActiveCfg = Debug|Win32
		{94BF44B4-468A-41EE-98A7-41B9DB8A829F}.Debug|x86.Build.0 = Debug|Win32
		{94BF44B4-468A-41EE-98A7-41B9DB8A829F}.Release|x64.ActiveCfg = Release|x64
		{94BF44B4-468A-41EE-98A7-41B9DB8A829F}.Release|x64.Build.0 = Release|x64
		{94BF44B4-468A-41EE-98A7-41B9DB8A829F}.Release|x86.ActiveCfg = Release|Win32
		{94BF44B4-468A-41EE-98A7-41B9DB8A829F}.Release|x86.Build.0 = Release|Win32
		{0E86CA08-079D-4449-8139-447FD0B876AD}.Debug|x64.ActiveCfg = Debug|x64
		{0E86CA08-079D-4449-8139-447FD0B876AD}.Debug|x64.Build.0 = Debug|x64
		{0E86CA08-079D-4449-8139-447FD0B876AD}.Debug|x86.ActiveCfg = Debug|Win32
		{0E86CA08-079D-4449-8139-447FD0B876AD}.Debug|x86.Build.0 = Debug|Win32
		{0E86CA08-079D-4449-8139-447FD0B876AD}.Release|x64.ActiveCfg = Release|x64
		{0E86CA08-079D-4449-8139-447FD0B876AD}.Release|x64.Build.0 = Release|x64
		{0E86CA08-079D-4449-8139-447FD0B876AD}.Release|x86.ActiveCfg = Release|Win32
		{0E86CA08-079D-4449-8139-447FD0B876AD}.Release|x86.Build.0 = Release|Win32
		{2D57CC6E-A7A3-49BF-9BB2-89646FF91870}.Debug|x64.ActiveCfg = Debug|x64
		{2D57CC6E-A7A3-49BF-9BB2-89646FF91870}.Debug|x64.Build.0 = Debug|x64
		{2D57CC6E-A7A3-49BF-9BB2-89646FF91870}.Debug|x86.ActiveCfg = Debug|Win32
		{2D57CC6E-A7A3-49BF-9BB2-89646FF91870}.Debug|x86.Build.0 = Debug|Win32
		{2D57CC6E-A7A3-49BF-9BB2-89646FF91870}.Release|x64.ActiveCfg = Release|x64
		{2D57CC6E-A7A3-49BF-9BB2-89646FF91870}.Release|x64.Build.0 = Release|x64
		{2D57CC6E-A7A3-49BF-9BB2-89646FF91870}.Release|x86.ActiveCfg = Release|Win32
		{2D57CC6E-A7A3-49BF-9BB2-89646FF91870}.Release|x86.Build.0 = Release|Win32
		{9ED7C3C7-42BB-4D6D-8419-B5EE56C65EE2}.Debug|x64.ActiveCfg = Debug|x64
		{9ED7C3C7-42BB-4D6D-8419-B5EE56C65EE2}.Debug|x64.Build.0 = Debug|x64
		{9ED7C3C7-42BB-4D6D-8419-B5EE56C65EE2}.Debug|x86.ActiveCfg = Debug|Win32
		{9ED7C3C7-42BB-4D6D-8419-B5EE56C65EE2}.Debug|x86.Build.0 = Debug|Win32
		{9ED7C3C7-42BB-4D6D-8419-B5EE56C65EE2}.Release|x64.ActiveCfg = Release|x64
		{9ED7C3C7-42BB-4D6D-8419-B5EE56C65EE2}.Release|x64.Build.0 = Release|x64
		{9ED7C3C7-42BB-4D6D-8419-B5EE56C65EE2}.Release|x86.ActiveCfg = Release|Win32
		{9ED7C3C7-42BB-4D6D-8419-B5EE56C65EE2}.Release|x86.Build.0 = Release|Win32
		{9E33E511-68F5-42FF-838C-733069079933}.Debug|x64.ActiveCfg = Debug|x64
		{9E33E511-68F5-42FF-838C-733069079933}.Debug|x64.Build.0 = Debug|x64
		{9E33E511-68F5-42FF-838C-733069079933}.Debug|x86.ActiveCfg = Debug|Win32
		{9E33E511-68F5-42FF-838C-733069079933}.Debug|x86.Build.0 = Debug|Win32
		{9E33E511-68F5-42FF-838C-733069079933}.Release|x64.ActiveCfg = Release|x64
		{9E33E511-68F5-42FF-838C-733069079933}.Release|x64.Build.0 = Release|x64
		{9E33E511-68F5-42FF-838C-733069079933}.Release|x86.ActiveCfg = Release|Win32
		{9E33E511-68F5-42FF-838C-733069079933}.Release|x86.Build.0 = Release|Win32
		{BA0FD267-2C1E-429D-80FF-BEF63C77ACDD}.Debug|x64.ActiveCfg = Debug|x64
		{BA0FD267-2C1E-429D-80FF-BEF63C77ACDD}.Debug|x64.Build.0 = Debug|x64
		{BA0FD267-2C1E-429D-80FF-BEF63C77ACDD}.Debug|x86.ActiveCfg = Debug|Win32
		{BA0FD267-2C1E-429D-80FF-BEF63C77ACDD}.Debug|x86.Build.0 = Debug|Win32
		{BA0FD267-2C1E-429D-80FF-BEF63C77ACDD}.Release|x64.ActiveCfg = Release|x64
		{BA0FD267-2C1E-429D-80FF-BEF63C77ACDD}.Release|x64.Build.0 = Release|x64
		{BA0FD267-2C1E-429D-80FF-BEF63C77ACDD}.Release|x86.ActiveCfg = Release|Win32
		{BA0FD267-2C1E-429D-80FF-BEF63C77ACDD}.Release|x86.Build.0 = Release|Win32
		{240E86A2-F6F5-4E80-BEEA-B9DD7C791009}.Debug|x64.ActiveCfg = Debug|x64
		{240E86A2-F6F5-4E80-BEEA-B9DD7C791009}.Debug|x64.Build.0 = Debug|x64
		{240E86A2-F6F5-4E80-BEEA-B9DD7C791009}.Debug|x86.ActiveCfg = Debug|Win32
		{240E86A2-F6F5-4E80-BEEA-B9DD7C791009}.Debug|x86.Build.0 = Debug|Win32
		{240E86A2-F6F5-4E80-BEEA-B9DD7C791009}.Release|x64.ActiveCfg = Release|x64
		{240E86A2-F6F5-4E80-BEEA-B9DD7C791009}.Release|x64.Build.0 = Release|x64
		{240E86A2-F6F5-4E80-BEEA-B9DD7C791009}.Release|x86.ActiveCfg = Release|Win32
		{240E86A2-F6F5-4E80-BEEA-B9DD7C791009}.Release|x86.Build.0 = Release|Win32
		{31A4CD75-9C6B-4B11-8331-A9305E53EFBE}.Debug|x64.ActiveCfg = Debug|x64
		{31A4CD75-9C6B-4B11-8331-A9305E53EFBE}.Debug|x64.Build.0 = Debug|x64
		{31A4CD75-9C6B-4B11-8331-A9305E53EFBE}.Debug|x86.ActiveCfg = Debug|Win32
		{31A4CD75-9C6B-4B11-8331-A9305E53EFBE}.Debug|x86.Build.0 = Debug|Win32
		{31A4CD75-9C6B-4B11-8331-A9305E53EFBE}.Release|x64.ActiveCfg = Release|x64
		{31A4CD75-9C6B-4B11-8331-A9305E53EFBE}.Release|x64.Build.0 = Release|x64
		{31A4CD75-9C6B-4B11-8331-A9305E53EFBE}.Release|x86.ActiveCfg = Release|Win32
		{31A4CD75-9C6B-4B11-8331-A9305E53EFBE}.Release|x86.Build.0 = Release|Win32
		{CF6B940F-B85B-4459-9F04-3BEF945498A2}.Debug|x64.ActiveCfg = Debug|x64
		{CF6B940F-B85B-4459-9F04-3BEF945498A2}.Debug|x64.Build.0 = Debug|x64
		{CF6B940F-B85B-4459-9F04-3BEF945498A2}.Debug|x86.ActiveCfg = Debug|Win32
		{CF6B940F-B85B-4459-9F04-3BEF945498A2}.Debug|x86.Build.0 = Debug|Win32
		{CF6B940F-B85B-4459-9F04-3BEF945498A2}.Release|x64.ActiveCfg = Release|x64
		{CF6B940F-B85B-4459-9F04-3BEF945498A2}.Release|x64.Build.0 = Release|x64
		{CF6B940F-B85B-4459-9F04-3BEF945498A2}.Release|x86.ActiveCfg = Release|Win32
		{CF6B940F-B85B-4459-9F04-3BEF945498A2}.Release|x86.Build.0 = Release|Win32
		{D5EB57C9-E194-4AB0-88F1-BF17A5ABD5D5}.Debug|x64.ActiveCfg = Debug|x64
		{D5EB57C9-E194-4AB0-88F1-BF17A5ABD5D5}.Debug|x64.Build.0 = Debug|x64
		{D5EB57C9-E194-4AB0-88F1-BF17A5ABD5D5}.Debug|x86.ActiveCfg = Debug|Win32
		{D5EB57C9-E194-4AB0-88F1-BF17A5ABD5D5}.Debug|x86.Build.0 = Debug|Win32
		{D5EB57C9-E194-4AB0-88F1-BF17A5ABD5D5}.Release|x64.ActiveCfg = Release|x64
		{D5EB57C9-E194-4AB0-88F1-BF17A5ABD5D5}.Release|x64.Build.0 = Release|x64
		{D5EB57C9-E194-4AB0-88F1-BF17A5ABD5D5}.Release|x86.ActiveCfg = Release|Win32
		{D5EB57C9-E194-4AB0-88F1-BF17A5ABD5D5}.Release|x86.Build.0 = Release|Win32
		{8CBA89ED-BC80-49B0-9CE8-699E9EFE4848}.Debug|x64.ActiveCfg = Debug|x64
		{8CBA89ED-BC80-49B0-9CE8-699E9EFE4848}.Debug|x64.Build.0 = Debug|x64
		{8CBA89ED-BC80-49B0-9CE8-699E9EFE4848}.Debug|x86.ActiveCfg = Debug|Win32
		{8CBA89ED-BC80-49B0-9CE8-699E9EFE4848}.Debug|x86.Build.0 = Debug|Win32
		{8CBA89ED-BC80-49B0-9CE8-699E9EFE4848}.Release|x64.ActiveCfg = Release|x64
		{8CBA89ED-BC80-49B0-9CE8-699E9EFE4848}.Release|x64.Build.0 = Release|x64
		{8CBA89ED-BC80-49B0-9CE8-699E9EFE4848}.Release|x86.ActiveCfg = Release|Win32
		{8CBA89ED-BC80-49B0-9CE8-699E9EFE4848}.Release|x86.Build.0 = Release|Win32
		{1E587271-255E-4020-A04C-0B170D86D205}.Debug|x64.ActiveCfg = Debug|x64
		{1E587271-255E-4020-A04C-0B170D86D205}.Debug|x64.Build.0 = Debug|x64
		{1E587271-255E-4020-A04C-0B170D86D205}.Debug|x86.ActiveCfg = Debug|Win32
		{1E587271-255E-4020-A04C-0B170D86D205}.Debug|x86.Build.0 = Debug|Win32
		{1E587271-255E-4020-A04C-0B170D86D205}.Release|x64.ActiveCfg = Release|x64
		{1E587271-255E-4020-A04C-0B170D86D205}.Release|x64.Build.0 = Release|x64
		{1E587271-255E-4020-A04C-0B170D86D205}.Release|x86.ActiveCfg = Release|Win32
		{1E587271-255E-4020-A04C-0B170D86D205}.Release|x86.Build.0 = Release|Win32
		{0BBAD516-4153-491F-A755-0F2D574654D8}.Debug|x64.ActiveCfg = Debug|x64
		{0BBAD516-4153-491F-A755-0F2D574654D8}.Debug|x64.Build.0 = Debug|x64
		{0BBAD516-4153-491F-A755-0F2D574654D8}.Debug|x86.ActiveCfg = Debug|Win32
		{0BBAD516-4153-491F-A755-0F2D574654D8}.Debug|x86.Build.0 = Debug|Win32
		{0BBAD516-4153-491F-A755-0F2D574654D8}.Release|x64.ActiveCfg = Release|x64
		{0BBAD516-4153-491F-A755-0F2D574654D8}.Release|x64.Build.0 = Release|x64
		{0BBAD516-4153-491F-A755-0F2D574654D8}.Release|x86.ActiveCfg = Release|Win32
		{0BBAD516-4153-491F-A755-0F2D574654D8}.Release|x86.Build.0 = Release|Win32
		{934185A8-1048-4598-86E4-2DC027BB821A}.Debug|x64.ActiveCfg = Debug|x64
		{934185A8-1048-4598-86E4-2DC027BB821A}.Debug|x64.Build.0 = Debug|x64
		{934185A8-1048-4598-86E4-2DC027BB821A}.Debug|x86.ActiveCfg = Debug|Win32
		{934185A8-1048-4598-86E4-2DC027BB821A}.Debug|x86.Build.0 = Debug|Win32
		{934185A8-1048-4598-86E4-2DC027BB821A}.Release|x64.ActiveCfg = Release|x64
		{934185A8-1048-4598-86E4-2DC027BB821A}.Release|x64.Build.0 = Release|x64
		{934185A8-1048-4598-86E4-2DC027BB821A}.Release|x86.ActiveCfg = Release|Win32
		{934185A8-1048-4598-86E4-2DC027BB821A}.Release|x86.Build.0 = Release|Win32
		{E53E4D40-5644-409C-98D1-E402AD4DD7A9}.Debug|x64.ActiveCfg = Debug|x64
		{E53E4D40-5644-409C-98D1-E402AD4DD7A9}.Debug|x64.Build.0 = Debug|x64
		{E53E4D40-5644-409C-98D1-E402AD4DD7A9}.Debug|x86.ActiveCfg = Debug|Win32
		{E53E4D40-5644-409C-98D1-E402AD4DD7A9}.Debug|x86.Build.0 = Debug|Win32
		{E53E4D40-5644-409C-98D1-E402AD4DD7A9}.Release|x64.ActiveCfg = Release|x64
		{E53E4D40-5644-409C-98D1-E402AD4DD7A9}.Release|x64.Build.0 = Release|x64
		{E53E4D40-5644-409C-98D1-E402AD4DD7A9}.Release|x86.ActiveCfg = Release|Win32
		{E53E4D40-5644-409C-98D1-E402AD4DD7A9}.Release|x86.Build.0 = Release|Win32
		{80A83C9A-B728-485D-8A35-F9DCFBCAC150}.Debug|x64.ActiveCfg = Debug|x64
		{80A83C9A-B728-485D-8A35-F9DCFBCAC150}.Debug|x64.Build.0 = Debug|x64
		{80A83C9A-B728-485D-8A35-F9DCFBCAC150}.Debug|x86.ActiveCfg = Debug|Win32
		{80A83C9A-B728-485D-8A35-F9DCFBCAC150}.Debug|x86.Build.0 = Debug|Win32
		{80A83C9A-B728-485D-8A35-F9DCFBCAC150}.Release|x64.ActiveCfg = Release|x64
		{80A83C9A-B728-485D-8A35-F9DCFBCAC150}.Release|x64.Build.0 = Release|x64
		{80A83C9A-B728-485D-8A35-F9DCFBCAC150}.Release|x86.ActiveCfg = Release|Win32
		{80A83C9A-B728-485D-8A35-F9DCFBCAC150}.Release|x86.Build.0 = Release|Win32
		{F71BE873-445D-44AC-88B9-93E64BEF3A79}.Debug|x64.ActiveCfg = Debug|x64
		{F71BE873-445D-44AC-88B9-93E64BEF3A79}.Debug|x64.Build.0 = Debug|x64
		{F71BE873-445D-44AC-88B9-93E64BEF3A79}.Debug|x86.ActiveCfg = Debug|Win32
		{F71BE873-445D-44AC-88B9-93E64BEF3A79}.Debug|x86.Build.0 = Debug|Win32
		{F71BE873-445D-44AC-88B9-93E64BEF3A79}.Release|x64.ActiveCfg = Release|x64
		{F71BE873-445D-44AC-88B9-93E64BEF3A79}.Release|x64.Build.0 = Release|x64
		{F71BE873-445D-44AC-88B9-93E64BEF3A79}.Release|x86.ActiveCfg = Release|Win32
		{F71BE873-445D-44AC-88B9-93E64BEF3A79}.Release|x86.Build.0 = Release|Win32
		{1D4CA344-EA6B-45EE-ABB9-2B1FA95248C7}.Debug|x64.ActiveCfg = Debug|x64
		{1D4CA344-EA6B-45EE-ABB9-2B1FA95248C7}.Debug|x64.Build.0 = Debug|x64
		{1D4CA344-EA6B-45EE-ABB9-2B1FA95248C7}.Debug|x86.ActiveCfg = Debug|Win32
		{1D4CA344-EA6B-45EE-ABB9-2B1FA95248C7}.Debug|x86.Build.0 = Debug|Win32
		{1D4CA344-EA6B-45EE-ABB9-2B1FA95248C7}.Release|x64.ActiveCfg = Release|x64
		{1D4CA344-EA6B-45EE-ABB9-2B1FA95248C7}.Release|x64.Build.0 = Release|x64
		{1D4CA344-EA6B-45EE-ABB9-2B1FA95248C7}.Release|x86.ActiveCfg = Release|Win32
		{1D4CA344-EA6B-45EE-ABB9-2B1FA95248C7}.Release|x86.Build.0 = Release|Win32
		{59C198FE-8FD1-40B9-A5F1-9A662F8B116F}.Debug|x64.ActiveCfg = Debug|x64
		{59C198FE-8FD1-40B9-A5F1-9A662F8B116F}.Debug|x64.Build.0 = Debug|x64
		{59C198FE-8FD1-40B9-A5F1-9A662F8B116F}.Debug|x86.ActiveCfg = Debug|Win32
		{59C198FE-8FD1-40B9-A5F1-9A662F8B116F}.Debug|x86.Build.0 = Debug|Win32
		{59C198FE-8FD1-40B9-A5F1-9A662F8B116F}.Release|x64.ActiveCfg = Release|x64
		{59C198FE-8FD1-40B9-A5F1-9A662F8B116F}.Release|x64.Build.0 = Release|x64
		{59C198FE-8FD1-40B9-A5F1-9A662F8B116F}.Release|x86.ActiveCfg = Release|Win32
		{59C198FE-8FD1-40B9-A5F1-9A662F8B116F}.Release|x86.Build.0 = Release|Win32
		{354292C9-4CA0-4917-936F-0E0360ED2021}.Debug|x64.ActiveCfg = Debug|x64
		{354292C9-4CA0-4917-936F-0E0360ED2021}.Debug|x64.Build.0 = Debug|x64
		{354292C9-4CA0-4917-936F-0E0360ED2021}.Debug|x86.ActiveCfg = Debug|Win32
		{354292C9-4CA0-4917-936F-0E0360ED2021}.Debug|x86.Build.0 = Debug|Win32
		{354292C9-4CA0-4917-936F-0E0360ED2021}.Release|x64.ActiveCfg = Release|x64
		{354292C9-4CA0-4917-936F-0E0360ED2021}.Release|x64.Build.0 = Release|x64
		{354292C9-4CA0-4917-936F-0E0360ED2021}.Release|x86.ActiveCfg = Release|Win32
		{354292C9-4CA0-4917-936F-0E0360ED2021}.Release|x86.Build.0 = Release|Win32
		{3D914DD0-B0CC-4B3D-8A11-5AD2942417BC}.Debug|x64.ActiveCfg = Debug|x64
		{3D914DD0-B0CC-4B3D-8A11-5AD2942417BC}.Debug|x64.Build.0 = Debug|x64
		{3D914DD0-B0CC-4B3D-8A11-5AD2942417BC}.Debug|x86.ActiveCfg = Debug|Win32
		{3D914DD0-B0CC-4B3D-8A11-5AD2942417BC}.Debug|x86.Build.0 = Debug|Win32
		{3D914DD0-B0CC-4B3D-8A11-5AD2942417BC}.Release|x64.ActiveCfg = Release|x64
		{3D914DD0-B0CC-4B3D-8A11-5AD2942417BC}.Release|x64.Build.0 = Release|x64
		{3D914DD0-B0CC-4B3D-8A11-5AD2942417BC}.Release|x86.ActiveCfg = Release|Win32
		{3D914DD0-B0CC-4B3D-8A11-5AD2942417BC}.Release|x86.Build.0 = Release|Win32
		{E8923CBC-1471-4AC9-9120-54829D9564CE}.Debug|x64.ActiveCfg = Debug|x64
		{E8923CBC-1471-4AC9-9120-54829D9564CE}.Debug|x64.Build.0 = Debug|x64
		{E8923CBC-1471-4AC9-9120-54829D9564CE}.Debug|x86.ActiveCfg = Debug|Win32
		{E8923CBC-1471-4AC9-9120-54829D9564CE}.Debug|x86.Build.0 = Debug|Win32
		{E8923CBC-1471-4AC9-9120-54829D9564CE}.Release|x64.ActiveCfg = Release|x64
		{E8923CBC-1471-4AC9-9120-54829D9564CE}.Release|x64.Build.0 = Release|x64
		{E8923CBC-1471-4AC9-9120-54829D9564CE}.Release|x86.ActiveCfg = Release|Win32
		{E8923CBC-1471-4AC9-9120-54829D9564CE}.Release|x86.Build.0 = Release|Win32
	EndGlobalSection
	GlobalSection(SolutionProperties) = preSolution
		HideSolutionNode = FALSE
	EndGlobalSection
	GlobalSection(ExtensibilityGlobals) = postSolution
		SolutionGuid = {FE92AD83-51B8-4EF4-9674-293FF379ACAB}
	EndGlobalSection
EndGlobal
