
Microsoft Visual Studio Solution File, Format Version 12.00
# Visual Studio Version 16
VisualStudioVersion = 16.0.28729.10
MinimumVisualStudioVersion = 10.0.40219.1
Project("{8BC9CEB8-8B4A-11D0-8D11-00A0C91BC942}") = "cpp-demo", "cpp-demo\cpp-demo.vcxproj", "{80388E2A-C2A7-4326-B178-307AC8C53012}"
EndProject
Project("{8BC9CEB8-8B4A-11D0-8D11-00A0C91BC942}") = "ex1", "chapter1\ex1\ex1.vcxproj", "{DDB0CF90-94FB-4D1C-A660-48617C755F3D}"
EndProject
Project("{8BC9CEB8-8B4A-11D0-8D11-00A0C91BC942}") = "ex2", "chapter1\ex2\ex2.vcxproj", "{9E554B86-7154-45C4-8805-03770996B764}"
EndProject
Project("{8BC9CEB8-8B4A-11D0-8D11-00A0C91BC942}") = "ex3", "chapter1\ex3\ex3.vcxproj", "{803E39C6-9D1B-4F32-AAED-699884D360C4}"
EndProject
Project("{8BC9CEB8-8B4A-11D0-8D11-00A0C91BC942}") = "ex4", "chapter1\ex4\ex4.vcxproj", "{EE83365F-31B2-4730-B627-6C5F99CA09AE}"
EndProject
Project("{8BC9CEB8-8B4A-11D0-8D11-00A0C91BC942}") = "ex5", "chapter1\ex5\ex5.vcxproj", "{83026E89-CDAC-4F68-A4EE-3E120AE244C1}"
EndProject
Project("{8BC9CEB8-8B4A-11D0-8D11-00A0C91BC942}") = "ex6", "chapter1\ex6\ex6.vcxproj", "{10759EA1-DC18-478A-BE3D-6BF55AAA6091}"
EndProject
Project("{8BC9CEB8-8B4A-11D0-8D11-00A0C91BC942}") = "ex7", "chapter1\ex7\ex7.vcxproj", "{A26D99F3-7D7F-4755-989A-AD08CF04AFBB}"
EndProject
Project("{8BC9CEB8-8B4A-11D0-8D11-00A0C91BC942}") = "ch2ex1", "chapter2\ch2ex1\ch2ex1.vcxproj", "{6561A5DD-7A37-495D-95AB-DE8FE8739301}"
EndProject
Project("{8BC9CEB8-8B4A-11D0-8D11-00A0C91BC942}") = "ch2ex2", "chapter2\ch2ex2\ch2ex2.vcxproj", "{B80E0AD7-5830-4931-9EA8-7540F4970181}"
EndProject
Project("{8BC9CEB8-8B4A-11D0-8D11-00A0C91BC942}") = "ch2ex3", "chapter2\ch2ex3\ch2ex3.vcxproj", "{60F90905-FA90-4DE1-855B-8695BC12E937}"
EndProject
Project("{8BC9CEB8-8B4A-11D0-8D11-00A0C91BC942}") = "ch2ex4", "chapter2\ch2ex4\ch2ex4.vcxproj", "{A41B1CEC-8839-44BE-AF3A-27AB5B110EE2}"
EndProject
Project("{8BC9CEB8-8B4A-11D0-8D11-00A0C91BC942}") = "ch2ex5", "chapter2\ch2ex5\ch2ex5.vcxproj", "{DB61ADD9-098A-44DE-A26C-9BEC45B3FE2E}"
EndProject
Project("{8BC9CEB8-8B4A-11D0-8D11-00A0C91BC942}") = "ch2ex6", "chapter2\ch2ex6\ch2ex6.vcxproj", "{CEDCEC3C-F66F-4984-B294-26225EC06FF2}"
EndProject
Project("{8BC9CEB8-8B4A-11D0-8D11-00A0C91BC942}") = "ch2ex7", "chapter2\ch2ex7\ch2ex7.vcxproj", "{8F4A11EF-5833-4877-A36F-25421DB0DE81}"
EndProject
Global
	GlobalSection(SolutionConfigurationPlatforms) = preSolution
		Debug|x64 = Debug|x64
		Debug|x86 = Debug|x86
		Release|x64 = Release|x64
		Release|x86 = Release|x86
	EndGlobalSection
	GlobalSection(ProjectConfigurationPlatforms) = postSolution
		{80388E2A-C2A7-4326-B178-307AC8C53012}.Debug|x64.ActiveCfg = Debug|x64
		{80388E2A-C2A7-4326-B178-307AC8C53012}.Debug|x64.Build.0 = Debug|x64
		{80388E2A-C2A7-4326-B178-307AC8C53012}.Debug|x86.ActiveCfg = Debug|Win32
		{80388E2A-C2A7-4326-B178-307AC8C53012}.Debug|x86.Build.0 = Debug|Win32
		{80388E2A-C2A7-4326-B178-307AC8C53012}.Release|x64.ActiveCfg = Release|x64
		{80388E2A-C2A7-4326-B178-307AC8C53012}.Release|x64.Build.0 = Release|x64
		{80388E2A-C2A7-4326-B178-307AC8C53012}.Release|x86.ActiveCfg = Release|Win32
		{80388E2A-C2A7-4326-B178-307AC8C53012}.Release|x86.Build.0 = Release|Win32
		{DDB0CF90-94FB-4D1C-A660-48617C755F3D}.Debug|x64.ActiveCfg = Debug|x64
		{DDB0CF90-94FB-4D1C-A660-48617C755F3D}.Debug|x64.Build.0 = Debug|x64
		{DDB0CF90-94FB-4D1C-A660-48617C755F3D}.Debug|x86.ActiveCfg = Debug|Win32
		{DDB0CF90-94FB-4D1C-A660-48617C755F3D}.Debug|x86.Build.0 = Debug|Win32
		{DDB0CF90-94FB-4D1C-A660-48617C755F3D}.Release|x64.ActiveCfg = Release|x64
		{DDB0CF90-94FB-4D1C-A660-48617C755F3D}.Release|x64.Build.0 = Release|x64
		{DDB0CF90-94FB-4D1C-A660-48617C755F3D}.Release|x86.ActiveCfg = Release|Win32
		{DDB0CF90-94FB-4D1C-A660-48617C755F3D}.Release|x86.Build.0 = Release|Win32
		{9E554B86-7154-45C4-8805-03770996B764}.Debug|x64.ActiveCfg = Debug|x64
		{9E554B86-7154-45C4-8805-03770996B764}.Debug|x64.Build.0 = Debug|x64
		{9E554B86-7154-45C4-8805-03770996B764}.Debug|x86.ActiveCfg = Debug|Win32
		{9E554B86-7154-45C4-8805-03770996B764}.Debug|x86.Build.0 = Debug|Win32
		{9E554B86-7154-45C4-8805-03770996B764}.Release|x64.ActiveCfg = Release|x64
		{9E554B86-7154-45C4-8805-03770996B764}.Release|x64.Build.0 = Release|x64
		{9E554B86-7154-45C4-8805-03770996B764}.Release|x86.ActiveCfg = Release|Win32
		{9E554B86-7154-45C4-8805-03770996B764}.Release|x86.Build.0 = Release|Win32
		{803E39C6-9D1B-4F32-AAED-699884D360C4}.Debug|x64.ActiveCfg = Debug|x64
		{803E39C6-9D1B-4F32-AAED-699884D360C4}.Debug|x64.Build.0 = Debug|x64
		{803E39C6-9D1B-4F32-AAED-699884D360C4}.Debug|x86.ActiveCfg = Debug|Win32
		{803E39C6-9D1B-4F32-AAED-699884D360C4}.Debug|x86.Build.0 = Debug|Win32
		{803E39C6-9D1B-4F32-AAED-699884D360C4}.Release|x64.ActiveCfg = Release|x64
		{803E39C6-9D1B-4F32-AAED-699884D360C4}.Release|x64.Build.0 = Release|x64
		{803E39C6-9D1B-4F32-AAED-699884D360C4}.Release|x86.ActiveCfg = Release|Win32
		{803E39C6-9D1B-4F32-AAED-699884D360C4}.Release|x86.Build.0 = Release|Win32
		{EE83365F-31B2-4730-B627-6C5F99CA09AE}.Debug|x64.ActiveCfg = Debug|x64
		{EE83365F-31B2-4730-B627-6C5F99CA09AE}.Debug|x64.Build.0 = Debug|x64
		{EE83365F-31B2-4730-B627-6C5F99CA09AE}.Debug|x86.ActiveCfg = Debug|Win32
		{EE83365F-31B2-4730-B627-6C5F99CA09AE}.Debug|x86.Build.0 = Debug|Win32
		{EE83365F-31B2-4730-B627-6C5F99CA09AE}.Release|x64.ActiveCfg = Release|x64
		{EE83365F-31B2-4730-B627-6C5F99CA09AE}.Release|x64.Build.0 = Release|x64
		{EE83365F-31B2-4730-B627-6C5F99CA09AE}.Release|x86.ActiveCfg = Release|Win32
		{EE83365F-31B2-4730-B627-6C5F99CA09AE}.Release|x86.Build.0 = Release|Win32
		{83026E89-CDAC-4F68-A4EE-3E120AE244C1}.Debug|x64.ActiveCfg = Debug|x64
		{83026E89-CDAC-4F68-A4EE-3E120AE244C1}.Debug|x64.Build.0 = Debug|x64
		{83026E89-CDAC-4F68-A4EE-3E120AE244C1}.Debug|x86.ActiveCfg = Debug|Win32
		{83026E89-CDAC-4F68-A4EE-3E120AE244C1}.Debug|x86.Build.0 = Debug|Win32
		{83026E89-CDAC-4F68-A4EE-3E120AE244C1}.Release|x64.ActiveCfg = Release|x64
		{83026E89-CDAC-4F68-A4EE-3E120AE244C1}.Release|x64.Build.0 = Release|x64
		{83026E89-CDAC-4F68-A4EE-3E120AE244C1}.Release|x86.ActiveCfg = Release|Win32
		{83026E89-CDAC-4F68-A4EE-3E120AE244C1}.Release|x86.Build.0 = Release|Win32
		{10759EA1-DC18-478A-BE3D-6BF55AAA6091}.Debug|x64.ActiveCfg = Debug|x64
		{10759EA1-DC18-478A-BE3D-6BF55AAA6091}.Debug|x64.Build.0 = Debug|x64
		{10759EA1-DC18-478A-BE3D-6BF55AAA6091}.Debug|x86.ActiveCfg = Debug|Win32
		{10759EA1-DC18-478A-BE3D-6BF55AAA6091}.Debug|x86.Build.0 = Debug|Win32
		{10759EA1-DC18-478A-BE3D-6BF55AAA6091}.Release|x64.ActiveCfg = Release|x64
		{10759EA1-DC18-478A-BE3D-6BF55AAA6091}.Release|x64.Build.0 = Release|x64
		{10759EA1-DC18-478A-BE3D-6BF55AAA6091}.Release|x86.ActiveCfg = Release|Win32
		{10759EA1-DC18-478A-BE3D-6BF55AAA6091}.Release|x86.Build.0 = Release|Win32
		{A26D99F3-7D7F-4755-989A-AD08CF04AFBB}.Debug|x64.ActiveCfg = Debug|x64
		{A26D99F3-7D7F-4755-989A-AD08CF04AFBB}.Debug|x64.Build.0 = Debug|x64
		{A26D99F3-7D7F-4755-989A-AD08CF04AFBB}.Debug|x86.ActiveCfg = Debug|Win32
		{A26D99F3-7D7F-4755-989A-AD08CF04AFBB}.Debug|x86.Build.0 = Debug|Win32
		{A26D99F3-7D7F-4755-989A-AD08CF04AFBB}.Release|x64.ActiveCfg = Release|x64
		{A26D99F3-7D7F-4755-989A-AD08CF04AFBB}.Release|x64.Build.0 = Release|x64
		{A26D99F3-7D7F-4755-989A-AD08CF04AFBB}.Release|x86.ActiveCfg = Release|Win32
		{A26D99F3-7D7F-4755-989A-AD08CF04AFBB}.Release|x86.Build.0 = Release|Win32
		{6561A5DD-7A37-495D-95AB-DE8FE8739301}.Debug|x64.ActiveCfg = Debug|x64
		{6561A5DD-7A37-495D-95AB-DE8FE8739301}.Debug|x64.Build.0 = Debug|x64
		{6561A5DD-7A37-495D-95AB-DE8FE8739301}.Debug|x86.ActiveCfg = Debug|Win32
		{6561A5DD-7A37-495D-95AB-DE8FE8739301}.Debug|x86.Build.0 = Debug|Win32
		{6561A5DD-7A37-495D-95AB-DE8FE8739301}.Release|x64.ActiveCfg = Release|x64
		{6561A5DD-7A37-495D-95AB-DE8FE8739301}.Release|x64.Build.0 = Release|x64
		{6561A5DD-7A37-495D-95AB-DE8FE8739301}.Release|x86.ActiveCfg = Release|Win32
		{6561A5DD-7A37-495D-95AB-DE8FE8739301}.Release|x86.Build.0 = Release|Win32
		{B80E0AD7-5830-4931-9EA8-7540F4970181}.Debug|x64.ActiveCfg = Debug|x64
		{B80E0AD7-5830-4931-9EA8-7540F4970181}.Debug|x64.Build.0 = Debug|x64
		{B80E0AD7-5830-4931-9EA8-7540F4970181}.Debug|x86.ActiveCfg = Debug|Win32
		{B80E0AD7-5830-4931-9EA8-7540F4970181}.Debug|x86.Build.0 = Debug|Win32
		{B80E0AD7-5830-4931-9EA8-7540F4970181}.Release|x64.ActiveCfg = Release|x64
		{B80E0AD7-5830-4931-9EA8-7540F4970181}.Release|x64.Build.0 = Release|x64
		{B80E0AD7-5830-4931-9EA8-7540F4970181}.Release|x86.ActiveCfg = Release|Win32
		{B80E0AD7-5830-4931-9EA8-7540F4970181}.Release|x86.Build.0 = Release|Win32
		{60F90905-FA90-4DE1-855B-8695BC12E937}.Debug|x64.ActiveCfg = Debug|x64
		{60F90905-FA90-4DE1-855B-8695BC12E937}.Debug|x64.Build.0 = Debug|x64
		{60F90905-FA90-4DE1-855B-8695BC12E937}.Debug|x86.ActiveCfg = Debug|Win32
		{60F90905-FA90-4DE1-855B-8695BC12E937}.Debug|x86.Build.0 = Debug|Win32
		{60F90905-FA90-4DE1-855B-8695BC12E937}.Release|x64.ActiveCfg = Release|x64
		{60F90905-FA90-4DE1-855B-8695BC12E937}.Release|x64.Build.0 = Release|x64
		{60F90905-FA90-4DE1-855B-8695BC12E937}.Release|x86.ActiveCfg = Release|Win32
		{60F90905-FA90-4DE1-855B-8695BC12E937}.Release|x86.Build.0 = Release|Win32
		{A41B1CEC-8839-44BE-AF3A-27AB5B110EE2}.Debug|x64.ActiveCfg = Debug|x64
		{A41B1CEC-8839-44BE-AF3A-27AB5B110EE2}.Debug|x64.Build.0 = Debug|x64
		{A41B1CEC-8839-44BE-AF3A-27AB5B110EE2}.Debug|x86.ActiveCfg = Debug|Win32
		{A41B1CEC-8839-44BE-AF3A-27AB5B110EE2}.Debug|x86.Build.0 = Debug|Win32
		{A41B1CEC-8839-44BE-AF3A-27AB5B110EE2}.Release|x64.ActiveCfg = Release|x64
		{A41B1CEC-8839-44BE-AF3A-27AB5B110EE2}.Release|x64.Build.0 = Release|x64
		{A41B1CEC-8839-44BE-AF3A-27AB5B110EE2}.Release|x86.ActiveCfg = Release|Win32
		{A41B1CEC-8839-44BE-AF3A-27AB5B110EE2}.Release|x86.Build.0 = Release|Win32
		{DB61ADD9-098A-44DE-A26C-9BEC45B3FE2E}.Debug|x64.ActiveCfg = Debug|x64
		{DB61ADD9-098A-44DE-A26C-9BEC45B3FE2E}.Debug|x64.Build.0 = Debug|x64
		{DB61ADD9-098A-44DE-A26C-9BEC45B3FE2E}.Debug|x86.ActiveCfg = Debug|Win32
		{DB61ADD9-098A-44DE-A26C-9BEC45B3FE2E}.Debug|x86.Build.0 = Debug|Win32
		{DB61ADD9-098A-44DE-A26C-9BEC45B3FE2E}.Release|x64.ActiveCfg = Release|x64
		{DB61ADD9-098A-44DE-A26C-9BEC45B3FE2E}.Release|x64.Build.0 = Release|x64
		{DB61ADD9-098A-44DE-A26C-9BEC45B3FE2E}.Release|x86.ActiveCfg = Release|Win32
		{DB61ADD9-098A-44DE-A26C-9BEC45B3FE2E}.Release|x86.Build.0 = Release|Win32
		{CEDCEC3C-F66F-4984-B294-26225EC06FF2}.Debug|x64.ActiveCfg = Debug|x64
		{CEDCEC3C-F66F-4984-B294-26225EC06FF2}.Debug|x64.Build.0 = Debug|x64
		{CEDCEC3C-F66F-4984-B294-26225EC06FF2}.Debug|x86.ActiveCfg = Debug|Win32
		{CEDCEC3C-F66F-4984-B294-26225EC06FF2}.Debug|x86.Build.0 = Debug|Win32
		{CEDCEC3C-F66F-4984-B294-26225EC06FF2}.Release|x64.ActiveCfg = Release|x64
		{CEDCEC3C-F66F-4984-B294-26225EC06FF2}.Release|x64.Build.0 = Release|x64
		{CEDCEC3C-F66F-4984-B294-26225EC06FF2}.Release|x86.ActiveCfg = Release|Win32
		{CEDCEC3C-F66F-4984-B294-26225EC06FF2}.Release|x86.Build.0 = Release|Win32
		{8F4A11EF-5833-4877-A36F-25421DB0DE81}.Debug|x64.ActiveCfg = Debug|x64
		{8F4A11EF-5833-4877-A36F-25421DB0DE81}.Debug|x64.Build.0 = Debug|x64
		{8F4A11EF-5833-4877-A36F-25421DB0DE81}.Debug|x86.ActiveCfg = Debug|Win32
		{8F4A11EF-5833-4877-A36F-25421DB0DE81}.Debug|x86.Build.0 = Debug|Win32
		{8F4A11EF-5833-4877-A36F-25421DB0DE81}.Release|x64.ActiveCfg = Release|x64
		{8F4A11EF-5833-4877-A36F-25421DB0DE81}.Release|x64.Build.0 = Release|x64
		{8F4A11EF-5833-4877-A36F-25421DB0DE81}.Release|x86.ActiveCfg = Release|Win32
		{8F4A11EF-5833-4877-A36F-25421DB0DE81}.Release|x86.Build.0 = Release|Win32
	EndGlobalSection
	GlobalSection(SolutionProperties) = preSolution
		HideSolutionNode = FALSE
	EndGlobalSection
	GlobalSection(ExtensibilityGlobals) = postSolution
		SolutionGuid = {FE92AD83-51B8-4EF4-9674-293FF379ACAB}
	EndGlobalSection
EndGlobal
